Microsoft Visual Studio Solution File, Format Version 12.00
# Visual Studio Version 17
VisualStudioVersion = 17.5.2.0
MinimumVisualStudioVersion = 10.0.40219.1
Project("{FAE04EC0-301F-11D3-BF4B-00C04F79EFBC}") = "CustomBuyMaui", "CustomBuyMaui\CustomBuyMaui.csproj", "{F8C4B714-EE3C-0547-7C99-7F68F375EDFC}"
EndProject
Global
	GlobalSection(SolutionConfigurationPlatforms) = preSolution
		Debug|Any CPU = Debug|Any CPU
		Release|Any CPU = Release|Any CPU
	EndGlobalSection
	GlobalSection(ProjectConfigurationPlatforms) = postSolution
		{F8C4B714-EE3C-0547-7C99-7F68F375EDFC}.Debug|Any CPU.ActiveCfg = Debug|Any CPU
		{F8C4B714-EE3C-0547-7C99-7F68F375EDFC}.Debug|Any CPU.Build.0 = Debug|Any CPU
		{F8C4B714-EE3C-0547-7C99-7F68F375EDFC}.Release|Any CPU.ActiveCfg = Release|Any CPU
		{F8C4B714-EE3C-0547-7C99-7F68F375EDFC}.Release|Any CPU.Build.0 = Release|Any CPU
	EndGlobalSection
	GlobalSection(SolutionProperties) = preSolution
		HideSolutionNode = FALSE
	EndGlobalSection
	GlobalSection(ExtensibilityGlobals) = postSolution
		SolutionGuid = {8BFF7B83-D89D-4D7F-B2DE-1103B5528BDC}
	EndGlobalSection
EndGlobal
