Microsoft Visual Studio Solution File, Format Version 12.00
# Visual Studio Version 17
VisualStudioVersion = 17.5.2.0
MinimumVisualStudioVersion = 10.0.40219.1
Project("{FAE04EC0-301F-11D3-BF4B-00C04F79EFBC}") = "CustomBuyMaui", "CustomBuyMaui.csproj", "{E4B64E2D-5CA3-0FE0-6E33-D03CB5169793}"
EndProject
Global
	GlobalSection(SolutionConfigurationPlatforms) = preSolution
		Debug|Any CPU = Debug|Any CPU
		Release|Any CPU = Release|Any CPU
	EndGlobalSection
	GlobalSection(ProjectConfigurationPlatforms) = postSolution
		{E4B64E2D-5CA3-0FE0-6E33-D03CB5169793}.Debug|Any CPU.ActiveCfg = Debug|Any CPU
		{E4B64E2D-5CA3-0FE0-6E33-D03CB5169793}.Debug|Any CPU.Build.0 = Debug|Any CPU
		{E4B64E2D-5CA3-0FE0-6E33-D03CB5169793}.Release|Any CPU.ActiveCfg = Release|Any CPU
		{E4B64E2D-5CA3-0FE0-6E33-D03CB5169793}.Release|Any CPU.Build.0 = Release|Any CPU
	EndGlobalSection
	GlobalSection(SolutionProperties) = preSolution
		HideSolutionNode = FALSE
	EndGlobalSection
	GlobalSection(ExtensibilityGlobals) = postSolution
		SolutionGuid = {763D3496-93E2-4758-8D38-891DC8617332}
	EndGlobalSection
EndGlobal
